// !$*UTF8*$!
{
	archiveVersion = 1;
	classes = {
	};
	objectVersion = 77;
	objects = {

/* Begin PBXContainerItemProxy section */
		19EBF9E72DFF688400DC58E1 /* PBXContainerItemProxy */ = {
			isa = PBXContainerItemProxy;
			containerPortal = 19EBF9CD2DFF688300DC58E1 /* Project object */;
			proxyType = 1;
			remoteGlobalIDString = 19EBF9D42DFF688300DC58E1;
			remoteInfo = HotDesking;
		};
		19EBF9F12DFF688400DC58E1 /* PBXContainerItemProxy */ = {
			isa = PBXContainerItemProxy;
			containerPortal = 19EBF9CD2DFF688300DC58E1 /* Project object */;
			proxyType = 1;
			remoteGlobalIDString = 19EBF9D42DFF688300DC58E1;
			remoteInfo = HotDesking;
		};
/* End PBXContainerItemProxy section */

/* Begin PBXFileReference section */
		19EBF9D52DFF688300DC58E1 /* HotDesking.app */ = {isa = PBXFileReference; explicitFileType = wrapper.application; includeInIndex = 0; path = HotDesking.app; sourceTree = BUILT_PRODUCTS_DIR; };
		19EBF9E62DFF688400DC58E1 /* HotDeskingTests.xctest */ = {isa = PBXFileReference; explicitFileType = wrapper.cfbundle; includeInIndex = 0; path = HotDeskingTests.xctest; sourceTree = BUILT_PRODUCTS_DIR; };
		19EBF9F02DFF688400DC58E1 /* HotDeskingUITests.xctest */ = {isa = PBXFileReference; explicitFileType = wrapper.cfbundle; includeInIndex = 0; path = HotDeskingUITests.xctest; sourceTree = BUILT_PRODUCTS_DIR; };
/* End PBXFileReference section */

/* Begin PBXFileSystemSynchronizedBuildFileExceptionSet section */
		19EBF9F82DFF688400DC58E1 /* Exceptions for "HotDesking" folder in "HotDesking" target */ = {
			isa = PBXFileSystemSynchronizedBuildFileExceptionSet;
			membershipExceptions = (
				Info.plist,
			);
			target = 19EBF9D42DFF688300DC58E1 /* HotDesking */;
		};
/* End PBXFileSystemSynchronizedBuildFileExceptionSet section */

/* Begin PBXFileSystemSynchronizedRootGroup section */
		19EBF9D72DFF688300DC58E1 /* HotDesking */ = {
			isa = PBXFileSystemSynchronizedRootGroup;
			exceptions = (
				19EBF9F82DFF688400DC58E1 /* Exceptions for "HotDesking" folder in "HotDesking" target */,
			);
			path = HotDesking;
			sourceTree = "<group>";
		};
		19EBF9E92DFF688400DC58E1 /* HotDeskingTests */ = {
			isa = PBXFileSystemSynchronizedRootGroup;
			path = HotDeskingTests;
			sourceTree = "<group>";
		};
		19EBF9F32DFF688400DC58E1 /* HotDeskingUITests */ = {
			isa = PBXFileSystemSynchronizedRootGroup;
			path = HotDeskingUITests;
			sourceTree = "<group>";
		};
/* End PBXFileSystemSynchronizedRootGroup section */

/* Begin PBXFrameworksBuildPhase section */
		19EBF9D22DFF688300DC58E1 /* Frameworks */ = {
			isa = PBXFrameworksBuildPhase;
			buildActionMask = 2147483647;
			files = (
			);
			runOnlyForDeploymentPostprocessing = 0;
		};
		19EBF9E32DFF688400DC58E1 /* Frameworks */ = {
			isa = PBXFrameworksBuildPhase;
			buildActionMask = 2147483647;
			files = (
			);
			runOnlyForDeploymentPostprocessing = 0;
		};
		19EBF9ED2DFF688400DC58E1 /* Frameworks */ = {
			isa = PBXFrameworksBuildPhase;
			buildActionMask = 2147483647;
			files = (
			);
			runOnlyForDeploymentPostprocessing = 0;
		};
/* End PBXFrameworksBuildPhase section */

/* Begin PBXGroup section */
		19EBF9CC2DFF688300DC58E1 = {
			isa = PBXGroup;
			children = (
				19EBF9D72DFF688300DC58E1 /* HotDesking */,
				19EBF9E92DFF688400DC58E1 /* HotDeskingTests */,
				19EBF9F32DFF688400DC58E1 /* HotDeskingUITests */,
				19EBF9D62DFF688300DC58E1 /* Products */,
			);
			sourceTree = "<group>";
		};
		19EBF9D62DFF688300DC58E1 /* Products */ = {
			isa = PBXGroup;
			children = (
				19EBF9D52DFF688300DC58E1 /* HotDesking.app */,
				19EBF9E62DFF688400DC58E1 /* HotDeskingTests.xctest */,
				19EBF9F02DFF688400DC58E1 /* HotDeskingUITests.xctest */,
			);
			name = Products;
			sourceTree = "<group>";
		};
/* End PBXGroup section */

/* Begin PBXNativeTarget section */
		19EBF9D42DFF688300DC58E1 /* HotDesking */ = {
			isa = PBXNativeTarget;
			buildConfigurationList = 19EBF9F92DFF688400DC58E1 /* Build configuration list for PBXNativeTarget "HotDesking" */;
			buildPhases = (
				19EBF9D12DFF688300DC58E1 /* Sources */,
				19EBF9D22DFF688300DC58E1 /* Frameworks */,
				19EBF9D32DFF688300DC58E1 /* Resources */,
			);
			buildRules = (
			);
			dependencies = (
			);
			fileSystemSynchronizedGroups = (
				19EBF9D72DFF688300DC58E1 /* HotDesking */,
			);
			name = HotDesking;
			packageProductDependencies = (
			);
			productName = HotDesking;
			productReference = 19EBF9D52DFF688300DC58E1 /* HotDesking.app */;
			productType = "com.apple.product-type.application";
		};
		19EBF9E52DFF688400DC58E1 /* HotDeskingTests */ = {
			isa = PBXNativeTarget;
			buildConfigurationList = 19EBF9FE2DFF688400DC58E1 /* Build configuration list for PBXNativeTarget "HotDeskingTests" */;
			buildPhases = (
				19EBF9E22DFF688400DC58E1 /* Sources */,
				19EBF9E32DFF688400DC58E1 /* Frameworks */,
				19EBF9E42DFF688400DC58E1 /* Resources */,
			);
			buildRules = (
			);
			dependencies = (
				19EBF9E82DFF688400DC58E1 /* PBXTargetDependency */,
			);
			fileSystemSynchronizedGroups = (
				19EBF9E92DFF688400DC58E1 /* HotDeskingTests */,
			);
			name = HotDeskingTests;
			packageProductDependencies = (
			);
			productName = HotDeskingTests;
			productReference = 19EBF9E62DFF688400DC58E1 /* HotDeskingTests.xctest */;
			productType = "com.apple.product-type.bundle.unit-test";
		};
		19EBF9EF2DFF688400DC58E1 /* HotDeskingUITests */ = {
			isa = PBXNativeTarget;
			buildConfigurationList = 19EBFA012DFF688400DC58E1 /* Build configuration list for PBXNativeTarget "HotDeskingUITests" */;
			buildPhases = (
				19EBF9EC2DFF688400DC58E1 /* Sources */,
				19EBF9ED2DFF688400DC58E1 /* Frameworks */,
				19EBF9EE2DFF688400DC58E1 /* Resources */,
			);
			buildRules = (
			);
			dependencies = (
				19EBF9F22DFF688400DC58E1 /* PBXTargetDependency */,
			);
			fileSystemSynchronizedGroups = (
				19EBF9F32DFF688400DC58E1 /* HotDeskingUITests */,
			);
			name = HotDeskingUITests;
			packageProductDependencies = (
			);
			productName = HotDeskingUITests;
			productReference = 19EBF9F02DFF688400DC58E1 /* HotDeskingUITests.xctest */;
			productType = "com.apple.product-type.bundle.ui-testing";
		};
/* End PBXNativeTarget section */

/* Begin PBXProject section */
		19EBF9CD2DFF688300DC58E1 /* Project object */ = {
			isa = PBXProject;
			attributes = {
				BuildIndependentTargetsInParallel = 1;
				LastSwiftUpdateCheck = 1630;
				LastUpgradeCheck = 1630;
				TargetAttributes = {
					19EBF9D42DFF688300DC58E1 = {
						CreatedOnToolsVersion = 16.3;
					};
					19EBF9E52DFF688400DC58E1 = {
						CreatedOnToolsVersion = 16.3;
						TestTargetID = 19EBF9D42DFF688300DC58E1;
					};
					19EBF9EF2DFF688400DC58E1 = {
						CreatedOnToolsVersion = 16.3;
						TestTargetID = 19EBF9D42DFF688300DC58E1;
					};
				};
			};
			buildConfigurationList = 19EBF9D02DFF688300DC58E1 /* Build configuration list for PBXProject "HotDesking" */;
			developmentRegion = en;
			hasScannedForEncodings = 0;
			knownRegions = (
				en,
				Base,
			);
			mainGroup = 19EBF9CC2DFF688300DC58E1;
			minimizedProjectReferenceProxies = 1;
			preferredProjectObjectVersion = 77;
			productRefGroup = 19EBF9D62DFF688300DC58E1 /* Products */;
			projectDirPath = "";
			projectRoot = "";
			targets = (
				19EBF9D42DFF688300DC58E1 /* HotDesking */,
				19EBF9E52DFF688400DC58E1 /* HotDeskingTests */,
				19EBF9EF2DFF688400DC58E1 /* HotDeskingUITests */,
			);
		};
/* End PBXProject section */

/* Begin PBXResourcesBuildPhase section */
		19EBF9D32DFF688300DC58E1 /* Resources */ = {
			isa = PBXResourcesBuildPhase;
			buildActionMask = 2147483647;
			files = (
			);
			runOnlyForDeploymentPostprocessing = 0;
		};
		19EBF9E42DFF688400DC58E1 /* Resources */ = {
			isa = PBXResourcesBuildPhase;
			buildActionMask = 2147483647;
			files = (
			);
			runOnlyForDeploymentPostprocessing = 0;
		};
		19EBF9EE2DFF688400DC58E1 /* Resources */ = {
			isa = PBXResourcesBuildPhase;
			buildActionMask = 2147483647;
			files = (
			);
			runOnlyForDeploymentPostprocessing = 0;
		};
/* End PBXResourcesBuildPhase section */

/* Begin PBXSourcesBuildPhase section */
		19EBF9D12DFF688300DC58E1 /* Sources */ = {
			isa = PBXSourcesBuildPhase;
			buildActionMask = 2147483647;
			files = (
			);
			runOnlyForDeploymentPostprocessing = 0;
		};
		19EBF9E22DFF688400DC58E1 /* Sources */ = {
			isa = PBXSourcesBuildPhase;
			buildActionMask = 2147483647;
			files = (
			);
			runOnlyForDeploymentPostprocessing = 0;
		};
		19EBF9EC2DFF688400DC58E1 /* Sources */ = {
			isa = PBXSourcesBuildPhase;
			buildActionMask = 2147483647;
			files = (
			);
			runOnlyForDeploymentPostprocessing = 0;
		};
/* End PBXSourcesBuildPhase section */

/* Begin PBXTargetDependency section */
		19EBF9E82DFF688400DC58E1 /* PBXTargetDependency */ = {
			isa = PBXTargetDependency;
			target = 19EBF9D42DFF688300DC58E1 /* HotDesking */;
			targetProxy = 19EBF9E72DFF688400DC58E1 /* PBXContainerItemProxy */;
		};
		19EBF9F22DFF688400DC58E1 /* PBXTargetDependency */ = {
			isa = PBXTargetDependency;
			target = 19EBF9D42DFF688300DC58E1 /* HotDesking */;
			targetProxy = 19EBF9F12DFF688400DC58E1 /* PBXContainerItemProxy */;
		};
/* End PBXTargetDependency section */

/* Begin XCBuildConfiguration section */
		19EBF9FA2DFF688400DC58E1 /* Debug */ = {
			isa = XCBuildConfiguration;
			buildSettings = {
				ASSETCATALOG_COMPILER_APPICON_NAME = AppIcon;
				ASSETCATALOG_COMPILER_GLOBAL_ACCENT_COLOR_NAME = AccentColor;
				CODE_SIGN_ENTITLEMENTS = HotDesking/HotDesking.entitlements;
				CODE_SIGN_STYLE = Automatic;
				CURRENT_PROJECT_VERSION = 1;
				DEVELOPMENT_TEAM = N57Z2F498T;
				ENABLE_PREVIEWS = YES;
				GENERATE_INFOPLIST_FILE = YES;
				INFOPLIST_FILE = HotDesking/Info.plist;
				INFOPLIST_KEY_UIApplicationSceneManifest_Generation = YES;
				INFOPLIST_KEY_UIApplicationSupportsIndirectInputEvents = YES;
				INFOPLIST_KEY_UILaunchScreen_Generation = YES;
				INFOPLIST_KEY_UISupportedInterfaceOrientations_iPad = "UIInterfaceOrientationPortrait UIInterfaceOrientationPortraitUpsideDown UIInterfaceOrientationLandscapeLeft UIInterfaceOrientationLandscapeRight";
				INFOPLIST_KEY_UISupportedInterfaceOrientations_iPhone = "UIInterfaceOrientationPortrait UIInterfaceOrientationLandscapeLeft UIInterfaceOrientationLandscapeRight";
				LD_RUNPATH_SEARCH_PATHS = (
					"$(inherited)",
					"@executable_path/Frameworks",
				);
				MARKETING_VERSION = 1.0;
				PRODUCT_BUNDLE_IDENTIFIER = "Team-Anandha.HotDesking";
				PRODUCT_NAME = "$(TARGET_NAME)";
				SWIFT_EMIT_LOC_STRINGS = YES;
				SWIFT_VERSION = 5.0;
				TARGETED_DEVICE_FAMILY = "1,2";
			};
			name = Debug;
		};
		19EBF9FB2DFF688400DC58E1 /* Release */ = {
			isa = XCBuildConfiguration;
			buildSettings = {
				ASSETCATALOG_COMPILER_APPICON_NAME = AppIcon;
				ASSETCATALOG_COMPILER_GLOBAL_ACCENT_COLOR_NAME = AccentColor;
				CODE_SIGN_ENTITLEMENTS = HotDesking/HotDesking.entitlements;
				CODE_SIGN_STYLE = Automatic;
				CURRENT_PROJECT_VERSION = 1;
				DEVELOPMENT_TEAM = N57Z2F498T;
				ENABLE_PREVIEWS = YES;
				GENERATE_INFOPLIST_FILE = YES;
				INFOPLIST_FILE = HotDesking/Info.plist;
				INFOPLIST_KEY_UIApplicationSceneManifest_Generation = YES;
				INFOPLIST_KEY_UIApplicationSupportsIndirectInputEvents = YES;
				INFOPLIST_KEY_UILaunchScreen_Generation = YES;
				INFOPLIST_KEY_UISupportedInterfaceOrientations_iPad = "UIInterfaceOrientationPortrait UIInterfaceOrientationPortraitUpsideDown UIInterfaceOrientationLandscapeLeft UIInterfaceOrientationLandscapeRight";
				INFOPLIST_KEY_UISupportedInterfaceOrientations_iPhone = "UIInterfaceOrientationPortrait UIInterfaceOrientationLandscapeLeft UIInterfaceOrientationLandscapeRight";
				LD_RUNPATH_SEARCH_PATHS = (
					"$(inherited)",
					"@executable_path/Frameworks",
				);
				MARKETING_VERSION = 1.0;
				PRODUCT_BUNDLE_IDENTIFIER = "Team-Anandha.HotDesking";
				PRODUCT_NAME = "$(TARGET_NAME)";
				SWIFT_EMIT_LOC_STRINGS = YES;
				SWIFT_VERSION = 5.0;
				TARGETED_DEVICE_FAMILY = "1,2";
			};
			name = Release;
		};
		19EBF9FC2DFF688400DC58E1 /* Debug */ = {
			isa = XCBuildConfiguration;
			buildSettings = {
				ALWAYS_SEARCH_USER_PATHS = NO;
				ASSETCATALOG_COMPILER_GENERATE_SWIFT_ASSET_SYMBOL_EXTENSIONS = YES;
				CLANG_ANALYZER_NONNULL = YES;
				CLANG_ANALYZER_NUMBER_OBJECT_CONVERSION = YES_AGGRESSIVE;
				CLANG_CXX_LANGUAGE_STANDARD = "gnu++20";
				CLANG_ENABLE_MODULES = YES;
				CLANG_ENABLE_OBJC_ARC = YES;
				CLANG_ENABLE_OBJC_WEAK = YES;
				CLANG_WARN_BLOCK_CAPTURE_AUTORELEASING = YES;
				CLANG_WARN_BOOL_CONVERSION = YES;
				CLANG_WARN_COMMA = YES;
				CLANG_WARN_CONSTANT_CONVERSION = YES;
				CLANG_WARN_DEPRECATED_OBJC_IMPLEMENTATIONS = YES;
				CLANG_WARN_DIRECT_OBJC_ISA_USAGE = YES_ERROR;
				CLANG_WARN_DOCUMENTATION_COMMENTS = YES;
				CLANG_WARN_EMPTY_BODY = YES;
				CLANG_WARN_ENUM_CONVERSION = YES;
				CLANG_WARN_INFINITE_RECURSION = YES;
				CLANG_WARN_INT_CONVERSION = YES;
				CLANG_WARN_NON_LITERAL_NULL_CONVERSION = YES;
				CLANG_WARN_OBJC_IMPLICIT_RETAIN_SELF = YES;
				CLANG_WARN_OBJC_LITERAL_CONVERSION = YES;
				CLANG_WARN_OBJC_ROOT_CLASS = YES_ERROR;
				CLANG_WARN_QUOTED_INCLUDE_IN_FRAMEWORK_HEADER = YES;
				CLANG_WARN_RANGE_LOOP_ANALYSIS = YES;
				CLANG_WARN_STRICT_PROTOTYPES = YES;
				CLANG_WARN_SUSPICIOUS_MOVE = YES;
				CLANG_WARN_UNGUARDED_AVAILABILITY = YES_AGGRESSIVE;
				CLANG_WARN_UNREACHABLE_CODE = YES;
				CLANG_WARN__DUPLICATE_METHOD_MATCH = YES;
				COPY_PHASE_STRIP = NO;
				DEBUG_INFORMATION_FORMAT = dwarf;
				DEVELOPMENT_TEAM = N57Z2F498T;
				ENABLE_STRICT_OBJC_MSGSEND = YES;
				ENABLE_TESTABILITY = YES;
				ENABLE_USER_SCRIPT_SANDBOXING = YES;
				GCC_C_LANGUAGE_STANDARD = gnu17;
				GCC_DYNAMIC_NO_PIC = NO;
				GCC_NO_COMMON_BLOCKS = YES;
				GCC_OPTIMIZATION_LEVEL = 0;
				GCC_PREPROCESSOR_DEFINITIONS = (
					"DEBUG=1",
					"$(inherited)",
				);
				GCC_WARN_64_TO_32_BIT_CONVERSION = YES;
				GCC_WARN_ABOUT_RETURN_TYPE = YES_ERROR;
				GCC_WARN_UNDECLARED_SELECTOR = YES;
				GCC_WARN_UNINITIALIZED_AUTOS = YES_AGGRESSIVE;
				GCC_WARN_UNUSED_FUNCTION = YES;
				GCC_WARN_UNUSED_VARIABLE = YES;
				IPHONEOS_DEPLOYMENT_TARGET = 18.4;
				LOCALIZATION_PREFERS_STRING_CATALOGS = YES;
				MTL_ENABLE_DEBUG_INFO = INCLUDE_SOURCE;
				MTL_FAST_MATH = YES;
				ONLY_ACTIVE_ARCH = YES;
				SDKROOT = iphoneos;
				SWIFT_ACTIVE_COMPILATION_CONDITIONS = "DEBUG $(inherited)";
				SWIFT_OPTIMIZATION_LEVEL = "-Onone";
			};
			name = Debug;
		};
		19EBF9FD2DFF688400DC58E1 /* Release */ = {
			isa = XCBuildConfiguration;
			buildSettings = {
				ALWAYS_SEARCH_USER_PATHS = NO;
				ASSETCATALOG_COMPILER_GENERATE_SWIFT_ASSET_SYMBOL_EXTENSIONS = YES;
				CLANG_ANALYZER_NONNULL = YES;
				CLANG_ANALYZER_NUMBER_OBJECT_CONVERSION = YES_AGGRESSIVE;
				CLANG_CXX_LANGUAGE_STANDARD = "gnu++20";
				CLANG_ENABLE_MODULES = YES;
				CLANG_ENABLE_OBJC_ARC = YES;
				CLANG_ENABLE_OBJC_WEAK = YES;
				CLANG_WARN_BLOCK_CAPTURE_AUTORELEASING = YES;
				CLANG_WARN_BOOL_CONVERSION = YES;
				CLANG_WARN_COMMA = YES;
				CLANG_WARN_CONSTANT_CONVERSION = YES;
				CLANG_WARN_DEPRECATED_OBJC_IMPLEMENTATIONS = YES;
				CLANG_WARN_DIRECT_OBJC_ISA_USAGE = YES_ERROR;
				CLANG_WARN_DOCUMENTATION_COMMENTS = YES;
				CLANG_WARN_EMPTY_BODY = YES;
				CLANG_WARN_ENUM_CONVERSION = YES;
				CLANG_WARN_INFINITE_RECURSION = YES;
				CLANG_WARN_INT_CONVERSION = YES;
				CLANG_WARN_NON_LITERAL_NULL_CONVERSION = YES;
				CLANG_WARN_OBJC_IMPLICIT_RETAIN_SELF = YES;
				CLANG_WARN_OBJC_LITERAL_CONVERSION = YES;
				CLANG_WARN_OBJC_ROOT_CLASS = YES_ERROR;
				CLANG_WARN_QUOTED_INCLUDE_IN_FRAMEWORK_HEADER = YES;
				CLANG_WARN_RANGE_LOOP_ANALYSIS = YES;
				CLANG_WARN_STRICT_PROTOTYPES = YES;
				CLANG_WARN_SUSPICIOUS_MOVE = YES;
				CLANG_WARN_UNGUARDED_AVAILABILITY = YES_AGGRESSIVE;
				CLANG_WARN_UNREACHABLE_CODE = YES;
				CLANG_WARN__DUPLICATE_METHOD_MATCH = YES;
				COPY_PHASE_STRIP = NO;
				DEBUG_INFORMATION_FORMAT = "dwarf-with-dsym";
				DEVELOPMENT_TEAM = N57Z2F498T;
				ENABLE_NS_ASSERTIONS = NO;
				ENABLE_STRICT_OBJC_MSGSEND = YES;
				ENABLE_USER_SCRIPT_SANDBOXING = YES;
				GCC_C_LANGUAGE_STANDARD = gnu17;
				GCC_NO_COMMON_BLOCKS = YES;
				GCC_WARN_64_TO_32_BIT_CONVERSION = YES;
				GCC_WARN_ABOUT_RETURN_TYPE = YES_ERROR;
				GCC_WARN_UNDECLARED_SELECTOR = YES;
				GCC_WARN_UNINITIALIZED_AUTOS = YES_AGGRESSIVE;
				GCC_WARN_UNUSED_FUNCTION = YES;
				GCC_WARN_UNUSED_VARIABLE = YES;
				IPHONEOS_DEPLOYMENT_TARGET = 18.4;
				LOCALIZATION_PREFERS_STRING_CATALOGS = YES;
				MTL_ENABLE_DEBUG_INFO = NO;
				MTL_FAST_MATH = YES;
				SDKROOT = iphoneos;
				SWIFT_COMPILATION_MODE = wholemodule;
				VALIDATE_PRODUCT = YES;
			};
			name = Release;
		};
		19EBF9FF2DFF688400DC58E1 /* Debug */ = {
			isa = XCBuildConfiguration;
			buildSettings = {
				BUNDLE_LOADER = "$(TEST_HOST)";
				CODE_SIGN_STYLE = Automatic;
				CURRENT_PROJECT_VERSION = 1;
				DEVELOPMENT_TEAM = N57Z2F498T;
				GENERATE_INFOPLIST_FILE = YES;
				IPHONEOS_DEPLOYMENT_TARGET = 18.4;
				MARKETING_VERSION = 1.0;
				PRODUCT_BUNDLE_IDENTIFIER = "Team-Anandha.HotDeskingTests";
				PRODUCT_NAME = "$(TARGET_NAME)";
				SWIFT_EMIT_LOC_STRINGS = NO;
				SWIFT_VERSION = 5.0;
				TARGETED_DEVICE_FAMILY = "1,2";
				TEST_HOST = "$(BUILT_PRODUCTS_DIR)/HotDesking.app/$(BUNDLE_EXECUTABLE_FOLDER_PATH)/HotDesking";
			};
			name = Debug;
		};
		19EBFA002DFF688400DC58E1 /* Release */ = {
			isa = XCBuildConfiguration;
			buildSettings = {
				BUNDLE_LOADER = "$(TEST_HOST)";
				CODE_SIGN_STYLE = Automatic;
				CURRENT_PROJECT_VERSION = 1;
				DEVELOPMENT_TEAM = N57Z2F498T;
				GENERATE_INFOPLIST_FILE = YES;
				IPHONEOS_DEPLOYMENT_TARGET = 18.4;
				MARKETING_VERSION = 1.0;
				PRODUCT_BUNDLE_IDENTIFIER = "Team-Anandha.HotDeskingTests";
				PRODUCT_NAME = "$(TARGET_NAME)";
				SWIFT_EMIT_LOC_STRINGS = NO;
				SWIFT_VERSION = 5.0;
				TARGETED_DEVICE_FAMILY = "1,2";
				TEST_HOST = "$(BUILT_PRODUCTS_DIR)/HotDesking.app/$(BUNDLE_EXECUTABLE_FOLDER_PATH)/HotDesking";
			};
			name = Release;
		};
		19EBFA022DFF688400DC58E1 /* Debug */ = {
			isa = XCBuildConfiguration;
			buildSettings = {
				CODE_SIGN_STYLE = Automatic;
				CURRENT_PROJECT_VERSION = 1;
				DEVELOPMENT_TEAM = N57Z2F498T;
				GENERATE_INFOPLIST_FILE = YES;
				MARKETING_VERSION = 1.0;
				PRODUCT_BUNDLE_IDENTIFIER = "Team-Anandha.HotDeskingUITests";
				PRODUCT_NAME = "$(TARGET_NAME)";
				SWIFT_EMIT_LOC_STRINGS = NO;
				SWIFT_VERSION = 5.0;
				TARGETED_DEVICE_FAMILY = "1,2";
				TEST_TARGET_NAME = HotDesking;
			};
			name = Debug;
		};
		19EBFA032DFF688400DC58E1 /* Release */ = {
			isa = XCBuildConfiguration;
			buildSettings = {
				CODE_SIGN_STYLE = Automatic;
				CURRENT_PROJECT_VERSION = 1;
				DEVELOPMENT_TEAM = N57Z2F498T;
				GENERATE_INFOPLIST_FILE = YES;
				MARKETING_VERSION = 1.0;
				PRODUCT_BUNDLE_IDENTIFIER = "Team-Anandha.HotDeskingUITests";
				PRODUCT_NAME = "$(TARGET_NAME)";
				SWIFT_EMIT_LOC_STRINGS = NO;
				SWIFT_VERSION = 5.0;
				TARGETED_DEVICE_FAMILY = "1,2";
				TEST_TARGET_NAME = HotDesking;
			};
			name = Release;
		};
/* End XCBuildConfiguration section */

/* Begin XCConfigurationList section */
		19EBF9D02DFF688300DC58E1 /* Build configuration list for PBXProject "HotDesking" */ = {
			isa = XCConfigurationList;
			buildConfigurations = (
				19EBF9FC2DFF688400DC58E1 /* Debug */,
				19EBF9FD2DFF688400DC58E1 /* Release */,
			);
			defaultConfigurationIsVisible = 0;
			defaultConfigurationName = Release;
		};
		19EBF9F92DFF688400DC58E1 /* Build configuration list for PBXNativeTarget "HotDesking" */ = {
			isa = XCConfigurationList;
			buildConfigurations = (
				19EBF9FA2DFF688400DC58E1 /* Debug */,
				19EBF9FB2DFF688400DC58E1 /* Release */,
			);
			defaultConfigurationIsVisible = 0;
			defaultConfigurationName = Release;
		};
		19EBF9FE2DFF688400DC58E1 /* Build configuration list for PBXNativeTarget "HotDeskingTests" */ = {
			isa = XCConfigurationList;
			buildConfigurations = (
				19EBF9FF2DFF688400DC58E1 /* Debug */,
				19EBFA002DFF688400DC58E1 /* Release */,
			);
			defaultConfigurationIsVisible = 0;
			defaultConfigurationName = Release;
		};
		19EBFA012DFF688400DC58E1 /* Build configuration list for PBXNativeTarget "HotDeskingUITests" */ = {
			isa = XCConfigurationList;
			buildConfigurations = (
				19EBFA022DFF688400DC58E1 /* Debug */,
				19EBFA032DFF688400DC58E1 /* Release */,
			);
			defaultConfigurationIsVisible = 0;
			defaultConfigurationName = Release;
		};
/* End XCConfigurationList section */
	};
	rootObject = 19EBF9CD2DFF688300DC58E1 /* Project object */;
}
